
Microsoft Visual Studio Solution File, Format Version 12.00
# Visual Studio 14
VisualStudioVersion = 14.0.23107.0
MinimumVisualStudioVersion = 10.0.40219.1
Project("{FAE04EC0-301F-11D3-BF4B-00C04F79EFBC}") = "01_HW_NumberOfOccurrence", "CSC_Preparation\01_HW_NumberOfOccurrence.csproj", "{F369A50D-604D-4C9E-9143-2FDA487FC08C}"
EndProject
Project("{FAE04EC0-301F-11D3-BF4B-00C04F79EFBC}") = "02_HW_ExtractOddStrings", "02_HW_ExtractOddStrings\02_HW_ExtractOddStrings.csproj", "{D9B9F8DF-5DE1-46A6-BA55-53007A829EDE}"
EndProject
Project("{FAE04EC0-301F-11D3-BF4B-00C04F79EFBC}") = "03_HW_NumberOfOccurence_FileInput", "03_HW_NumberOfOccurence_FileInput\03_HW_NumberOfOccurence_FileInput.csproj", "{1567BB6D-532A-4B69-AAA0-2536524DEDC6}"
EndProject
Project("{FAE04EC0-301F-11D3-BF4B-00C04F79EFBC}") = "04_HW_HashTableImplementation", "01_HW_HashTableImplementation\04_HW_HashTableImplementation.csproj", "{C40AB17B-77FE-4831-B123-49AE4E733B59}"
EndProject
Project("{FAE04EC0-301F-11D3-BF4B-00C04F79EFBC}") = "05_HW_HashedSet", "05_HW_HashedSet\05_HW_HashedSet.csproj", "{3AD22E2A-C7A1-4245-800B-9EFF819127E3}"
EndProject
Global
	GlobalSection(SolutionConfigurationPlatforms) = preSolution
		Debug|Any CPU = Debug|Any CPU
		Release|Any CPU = Release|Any CPU
	EndGlobalSection
	GlobalSection(ProjectConfigurationPlatforms) = postSolution
		{F369A50D-604D-4C9E-9143-2FDA487FC08C}.Debug|Any CPU.ActiveCfg = Debug|Any CPU
		{F369A50D-604D-4C9E-9143-2FDA487FC08C}.Debug|Any CPU.Build.0 = Debug|Any CPU
		{F369A50D-604D-4C9E-9143-2FDA487FC08C}.Release|Any CPU.ActiveCfg = Release|Any CPU
		{F369A50D-604D-4C9E-9143-2FDA487FC08C}.Release|Any CPU.Build.0 = Release|Any CPU
		{D9B9F8DF-5DE1-46A6-BA55-53007A829EDE}.Debug|Any CPU.ActiveCfg = Debug|Any CPU
		{D9B9F8DF-5DE1-46A6-BA55-53007A829EDE}.Debug|Any CPU.Build.0 = Debug|Any CPU
		{D9B9F8DF-5DE1-46A6-BA55-53007A829EDE}.Release|Any CPU.ActiveCfg = Release|Any CPU
		{D9B9F8DF-5DE1-46A6-BA55-53007A829EDE}.Release|Any CPU.Build.0 = Release|Any CPU
		{1567BB6D-532A-4B69-AAA0-2536524DEDC6}.Debug|Any CPU.ActiveCfg = Debug|Any CPU
		{1567BB6D-532A-4B69-AAA0-2536524DEDC6}.Debug|Any CPU.Build.0 = Debug|Any CPU
		{1567BB6D-532A-4B69-AAA0-2536524DEDC6}.Release|Any CPU.ActiveCfg = Release|Any CPU
		{1567BB6D-532A-4B69-AAA0-2536524DEDC6}.Release|Any CPU.Build.0 = Release|Any CPU
		{C40AB17B-77FE-4831-B123-49AE4E733B59}.Debug|Any CPU.ActiveCfg = Debug|Any CPU
		{C40AB17B-77FE-4831-B123-49AE4E733B59}.Debug|Any CPU.Build.0 = Debug|Any CPU
		{C40AB17B-77FE-4831-B123-49AE4E733B59}.Release|Any CPU.ActiveCfg = Release|Any CPU
		{C40AB17B-77FE-4831-B123-49AE4E733B59}.Release|Any CPU.Build.0 = Release|Any CPU
		{3AD22E2A-C7A1-4245-800B-9EFF819127E3}.Debug|Any CPU.ActiveCfg = Debug|Any CPU
		{3AD22E2A-C7A1-4245-800B-9EFF819127E3}.Debug|Any CPU.Build.0 = Debug|Any CPU
		{3AD22E2A-C7A1-4245-800B-9EFF819127E3}.Release|Any CPU.ActiveCfg = Release|Any CPU
		{3AD22E2A-C7A1-4245-800B-9EFF819127E3}.Release|Any CPU.Build.0 = Release|Any CPU
	EndGlobalSection
	GlobalSection(SolutionProperties) = preSolution
		HideSolutionNode = FALSE
	EndGlobalSection
EndGlobal
